schema: '2.0'
stages:
  data_collection:
    cmd: python src/data_collection.py
    deps:
    - path: src/data_collection.py
      hash: md5
      md5: d5245fb057321ff7ee17e24b7039743d
      size: 584
    outs:
    - path: data/raw
      hash: md5
      md5: c0c2d65c14a603e91e029fda3c344a5c.dir
      size: 522262
      nfiles: 2
  data_preprocessing:
    cmd: python src/data_prep.py
    deps:
    - path: data/raw
      hash: md5
      md5: c0c2d65c14a603e91e029fda3c344a5c.dir
      size: 522262
      nfiles: 2
    - path: src/data_prep.py
      hash: md5
      md5: ac9350865c2ba1f9ee8ffc84a3edcde6
      size: 785
    outs:
    - path: data/processed
      hash: md5
      md5: 920add86fa4458a4040030a8b47d2862.dir
      size: 873398
      nfiles: 2
  model_building:
    cmd: python src/model_building.py
    deps:
    - path: data/processed
      hash: md5
      md5: 920add86fa4458a4040030a8b47d2862.dir
      size: 873398
      nfiles: 2
    - path: src/model_building.py
      hash: md5
      md5: a0fbd556b7489fc78be03977ae0aca1a
      size: 397
    outs:
    - path: model.pkl
      hash: md5
      md5: c2be6780a6c97becb20bfaa888a095f0
      size: 7371667
  model_evaluation:
    cmd: python src/model_eval.py
    deps:
    - path: model.pkl
      hash: md5
      md5: c2be6780a6c97becb20bfaa888a095f0
      size: 7371667
    - path: src/model_eval.py
      hash: md5
      md5: 4d641caa53e9c357b5c1d5e87e00426f
      size: 732
    outs:
    - path: metrics.json
      hash: md5
      md5: 13fd04366c5509b1c3b22b77bf4cc38e
      size: 90
